# This file is autogenerated, do not edit; changes may be undone by the next 'dep ensure'.


[[projects]]
  branch = "master"
  digest = "1:24a08662d2143a87d02118d0ea542117fb89e08b50c372a6a8f7057edd6334ed"
  name = "github.com/bank-now/bn-common-io"
  packages = ["queues/sub"]
  pruneopts = "UT"
  revision = "e0c5a6173945d09a67730ec44acff96983462614"

[[projects]]
  branch = "master"
  digest = "1:7e591a9b814dc50f8964c6c64a983d2dc20efb4c6b2a99a3f5e4e2b95ae9b29f"
  name = "github.com/bank-now/bn-common-model"
  packages = [
    "common/model",
    "common/operation",
  ]
  pruneopts = "UT"
  revision = "f2a05cf3fb22e492a8be80aaedc25ed888246fe2"

[[projects]]
  branch = "master"
  digest = "1:4a0c6bb4805508a6287675fac876be2ac1182539ca8a32468d8128882e9d5009"
  name = "github.com/golang/snappy"
  packages = ["."]
  pruneopts = "UT"
  revision = "2e65f85255dbc3072edf28d6b5b8efc472979f5a"

[[projects]]
  digest = "1:3a26588bc48b96825977c1b3df964f8fd842cd6860cc26370588d3563433cf11"
  name = "github.com/google/uuid"
  packages = ["."]
  pruneopts = "UT"
  revision = "d460ce9f8df2e77fb1ba55ca87fafed96c607494"
  version = "v1.0.0"

[[projects]]
  digest = "1:bb48459ec76efe45f13094480296462ef5c9aaa56662918819b7a8fce3155b8b"
  name = "github.com/nsqio/go-nsq"
  packages = ["."]
  pruneopts = "UT"
  revision = "eee57a3ac4174c55924125bb15eeeda8cffb6e6f"
  version = "v1.0.7"

[solve-meta]
  analyzer-name = "dep"
  analyzer-version = 1
  input-imports = [
    "github.com/bank-now/bn-common-io/queues/sub",
    "github.com/bank-now/bn-common-model/common/operation",
  ]
  solver-name = "gps-cdcl"
  solver-version = 1
